
Microsoft Visual Studio Solution File, Format Version 12.00
# Visual Studio Version 16
VisualStudioVersion = 16.0.30406.217
MinimumVisualStudioVersion = 10.0.40219.1
Project("{8BC9CEB8-8B4A-11D0-8D11-00A0C91BC942}") = "OrikaServer", "OrikaServer\OrikaServer.vcxproj", "{B69F2810-D597-4AE7-B676-6496BF3B3EC6}"
EndProject
Global
	GlobalSection(SolutionConfigurationPlatforms) = preSolution
		Debug|Win32 = Debug|Win32
		Debug|x64 = Debug|x64
		Release|Win32 = Release|Win32
		Release|x64 = Release|x64
	EndGlobalSection
	GlobalSection(ProjectConfigurationPlatforms) = postSolution
		{B69F2810-D597-4AE7-B676-6496BF3B3EC6}.Debug|Win32.ActiveCfg = Debug|Win32
		{B69F2810-D597-4AE7-B676-6496BF3B3EC6}.Debug|Win32.Build.0 = Debug|Win32
		{B69F2810-D597-4AE7-B676-6496BF3B3EC6}.Debug|x64.ActiveCfg = Debug|x64
		{B69F2810-D597-4AE7-B676-6496BF3B3EC6}.Debug|x64.Build.0 = Debug|x64
		{B69F2810-D597-4AE7-B676-6496BF3B3EC6}.Release|Win32.ActiveCfg = Release|Win32
		{B69F2810-D597-4AE7-B676-6496BF3B3EC6}.Release|Win32.Build.0 = Release|Win32
		{B69F2810-D597-4AE7-B676-6496BF3B3EC6}.Release|x64.ActiveCfg = Release|x64
		{B69F2810-D597-4AE7-B676-6496BF3B3EC6}.Release|x64.Build.0 = Release|x64
	EndGlobalSection
	GlobalSection(SolutionProperties) = preSolution
		HideSolutionNode = FALSE
	EndGlobalSection
	GlobalSection(ExtensibilityGlobals) = postSolution
		SolutionGuid = {28067797-8F6A-4B6E-957A-61B2262704BF}
	EndGlobalSection
EndGlobal
